// !$*UTF8*$!
{
	archiveVersion = 1;
	classes = {
	};
	objectVersion = 50;
	objects = {

/* Begin PBXBuildFile section */
		F91DE909222A3D8400A24856 /* AppDelegate.swift in Sources */ = {isa = PBXBuildFile; fileRef = F91DE908222A3D8400A24856 /* AppDelegate.swift */; };
		F91DE90B222A3D8400A24856 /* ViewController.swift in Sources */ = {isa = PBXBuildFile; fileRef = F91DE90A222A3D8400A24856 /* ViewController.swift */; };
		F91DE90E222A3D8400A24856 /* Main.storyboard in Resources */ = {isa = PBXBuildFile; fileRef = F91DE90C222A3D8400A24856 /* Main.storyboard */; };
		F91DE910222A3D8400A24856 /* Assets.xcassets in Resources */ = {isa = PBXBuildFile; fileRef = F91DE90F222A3D8400A24856 /* Assets.xcassets */; };
		F91DE913222A3D8400A24856 /* LaunchScreen.storyboard in Resources */ = {isa = PBXBuildFile; fileRef = F91DE911222A3D8400A24856 /* LaunchScreen.storyboard */; };
		F91DE91B222A412000A24856 /* LocationManager.swift in Sources */ = {isa = PBXBuildFile; fileRef = F91DE91A222A412000A24856 /* LocationManager.swift */; };
		F91DE928222A550C00A24856 /* FirebaseCore.framework in Frameworks */ = {isa = PBXBuildFile; fileRef = F91DE91D222A550B00A24856 /* FirebaseCore.framework */; };
		F91DE929222A550C00A24856 /* FirebaseABTesting.framework in Frameworks */ = {isa = PBXBuildFile; fileRef = F91DE91E222A550B00A24856 /* FirebaseABTesting.framework */; };
		F91DE92A222A550C00A24856 /* FirebaseMessaging.framework in Frameworks */ = {isa = PBXBuildFile; fileRef = F91DE91F222A550B00A24856 /* FirebaseMessaging.framework */; };
		F91DE92B222A550C00A24856 /* FirebaseInstanceID.framework in Frameworks */ = {isa = PBXBuildFile; fileRef = F91DE920222A550B00A24856 /* FirebaseInstanceID.framework */; };
		F91DE92C222A550C00A24856 /* FirebaseAnalytics.framework in Frameworks */ = {isa = PBXBuildFile; fileRef = F91DE921222A550B00A24856 /* FirebaseAnalytics.framework */; };
		F91DE92D222A550C00A24856 /* FIRAnalyticsConnector.framework in Frameworks */ = {isa = PBXBuildFile; fileRef = F91DE922222A550B00A24856 /* FIRAnalyticsConnector.framework */; };
		F91DE92E222A550C00A24856 /* FirebaseCoreDiagnostics.framework in Frameworks */ = {isa = PBXBuildFile; fileRef = F91DE923222A550B00A24856 /* FirebaseCoreDiagnostics.framework */; };
		F91DE92F222A550C00A24856 /* FirebasePerformance.framework in Frameworks */ = {isa = PBXBuildFile; fileRef = F91DE924222A550B00A24856 /* FirebasePerformance.framework */; };
		F91DE930222A550C00A24856 /* FirebaseRemoteConfig.framework in Frameworks */ = {isa = PBXBuildFile; fileRef = F91DE925222A550B00A24856 /* FirebaseRemoteConfig.framework */; };
		F91DE931222A550C00A24856 /* GoogleAppMeasurement.framework in Frameworks */ = {isa = PBXBuildFile; fileRef = F91DE926222A550B00A24856 /* GoogleAppMeasurement.framework */; };
		F91DE932222A550C00A24856 /* GoogleToolboxForMac.framework in Frameworks */ = {isa = PBXBuildFile; fileRef = F91DE927222A550B00A24856 /* GoogleToolboxForMac.framework */; };
		F93CB2FB224E66770006646A /* GoogleService-Info.plist in Resources */ = {isa = PBXBuildFile; fileRef = F93CB2FA224E66770006646A /* GoogleService-Info.plist */; };
		F9EEDC22224E9A7300CAA040 /* nanopb.framework in Frameworks */ = {isa = PBXBuildFile; fileRef = F9EEDC20224E9A7300CAA040 /* nanopb.framework */; };
		F9EEDC23224E9A7300CAA040 /* Protobuf.framework in Frameworks */ = {isa = PBXBuildFile; fileRef = F9EEDC21224E9A7300CAA040 /* Protobuf.framework */; };
		F9EEDC2E224E9E1800CAA040 /* GTMSessionFetcher.framework in Frameworks */ = {isa = PBXBuildFile; fileRef = F9EEDC2D224E9E1800CAA040 /* GTMSessionFetcher.framework */; };
		F9EEDC31224E9FCF00CAA040 /* FirebaseFirestore.framework in Frameworks */ = {isa = PBXBuildFile; fileRef = F9FA940D224E90ED00439785 /* FirebaseFirestore.framework */; };
		F9EEDC32224E9FEB00CAA040 /* gRPC-C++.framework in Frameworks */ = {isa = PBXBuildFile; fileRef = F9EEDC24224E9B3D00CAA040 /* gRPC-C++.framework */; };
		F9EEDC33224E9FEC00CAA040 /* gRPC-Core.framework in Frameworks */ = {isa = PBXBuildFile; fileRef = F9EEDC25224E9B3D00CAA040 /* gRPC-Core.framework */; };
		F9EEDC36224EA3E400CAA040 /* leveldb-library.framework in Frameworks */ = {isa = PBXBuildFile; fileRef = F9EEDC28224E9C1900CAA040 /* leveldb-library.framework */; };
		F9EEDC40224EA97B00CAA040 /* BoringSSL-GRPC.framework in Frameworks */ = {isa = PBXBuildFile; fileRef = F9EEDC3F224EA97B00CAA040 /* BoringSSL-GRPC.framework */; };
		F9EEDC42224EB07500CAA040 /* gRPCCertificates.bundle in Resources */ = {isa = PBXBuildFile; fileRef = F9EEDC41224EB07500CAA040 /* gRPCCertificates.bundle */; };
		F9EEDC44224EB28300CAA040 /* MapKit.framework in Frameworks */ = {isa = PBXBuildFile; fileRef = F9EEDC43224EB28300CAA040 /* MapKit.framework */; };
		F9FA9404224E6D3500439785 /* GoogleUtilities.framework in Frameworks */ = {isa = PBXBuildFile; fileRef = F9FA9403224E6D3500439785 /* GoogleUtilities.framework */; };
/* End PBXBuildFile section */

/* Begin PBXFileReference section */
		F91DE905222A3D8400A24856 /* ROTA.app */ = {isa = PBXFileReference; explicitFileType = wrapper.application; includeInIndex = 0; path = ROTA.app; sourceTree = BUILT_PRODUCTS_DIR; };
		F91DE908222A3D8400A24856 /* AppDelegate.swift */ = {isa = PBXFileReference; lastKnownFileType = sourcecode.swift; path = AppDelegate.swift; sourceTree = "<group>"; };
		F91DE90A222A3D8400A24856 /* ViewController.swift */ = {isa = PBXFileReference; lastKnownFileType = sourcecode.swift; path = ViewController.swift; sourceTree = "<group>"; };
		F91DE90D222A3D8400A24856 /* Base */ = {isa = PBXFileReference; lastKnownFileType = file.storyboard; name = Base; path = Base.lproj/Main.storyboard; sourceTree = "<group>"; };
		F91DE90F222A3D8400A24856 /* Assets.xcassets */ = {isa = PBXFileReference; lastKnownFileType = folder.assetcatalog; path = Assets.xcassets; sourceTree = "<group>"; };
		F91DE912222A3D8400A24856 /* Base */ = {isa = PBXFileReference; lastKnownFileType = file.storyboard; name = Base; path = Base.lproj/LaunchScreen.storyboard; sourceTree = "<group>"; };
		F91DE914222A3D8400A24856 /* Info.plist */ = {isa = PBXFileReference; lastKnownFileType = text.plist.xml; path = Info.plist; sourceTree = "<group>"; };
		F91DE91A222A412000A24856 /* LocationManager.swift */ = {isa = PBXFileReference; lastKnownFileType = sourcecode.swift; path = LocationManager.swift; sourceTree = "<group>"; };
		F91DE91D222A550B00A24856 /* FirebaseCore.framework */ = {isa = PBXFileReference; lastKnownFileType = wrapper.framework; name = FirebaseCore.framework; path = Carthage/Build/iOS/FirebaseCore.framework; sourceTree = "<group>"; };
		F91DE91E222A550B00A24856 /* FirebaseABTesting.framework */ = {isa = PBXFileReference; lastKnownFileType = wrapper.framework; name = FirebaseABTesting.framework; path = Carthage/Build/iOS/FirebaseABTesting.framework; sourceTree = "<group>"; };
		F91DE91F222A550B00A24856 /* FirebaseMessaging.framework */ = {isa = PBXFileReference; lastKnownFileType = wrapper.framework; name = FirebaseMessaging.framework; path = Carthage/Build/iOS/FirebaseMessaging.framework; sourceTree = "<group>"; };
		F91DE920222A550B00A24856 /* FirebaseInstanceID.framework */ = {isa = PBXFileReference; lastKnownFileType = wrapper.framework; name = FirebaseInstanceID.framework; path = Carthage/Build/iOS/FirebaseInstanceID.framework; sourceTree = "<group>"; };
		F91DE921222A550B00A24856 /* FirebaseAnalytics.framework */ = {isa = PBXFileReference; lastKnownFileType = wrapper.framework; name = FirebaseAnalytics.framework; path = Carthage/Build/iOS/FirebaseAnalytics.framework; sourceTree = "<group>"; };
		F91DE922222A550B00A24856 /* FIRAnalyticsConnector.framework */ = {isa = PBXFileReference; lastKnownFileType = wrapper.framework; name = FIRAnalyticsConnector.framework; path = Carthage/Build/iOS/FIRAnalyticsConnector.framework; sourceTree = "<group>"; };
		F91DE923222A550B00A24856 /* FirebaseCoreDiagnostics.framework */ = {isa = PBXFileReference; lastKnownFileType = wrapper.framework; name = FirebaseCoreDiagnostics.framework; path = Carthage/Build/iOS/FirebaseCoreDiagnostics.framework; sourceTree = "<group>"; };
		F91DE924222A550B00A24856 /* FirebasePerformance.framework */ = {isa = PBXFileReference; lastKnownFileType = wrapper.framework; name = FirebasePerformance.framework; path = Carthage/Build/iOS/FirebasePerformance.framework; sourceTree = "<group>"; };
		F91DE925222A550B00A24856 /* FirebaseRemoteConfig.framework */ = {isa = PBXFileReference; lastKnownFileType = wrapper.framework; name = FirebaseRemoteConfig.framework; path = Carthage/Build/iOS/FirebaseRemoteConfig.framework; sourceTree = "<group>"; };
		F91DE926222A550B00A24856 /* GoogleAppMeasurement.framework */ = {isa = PBXFileReference; lastKnownFileType = wrapper.framework; name = GoogleAppMeasurement.framework; path = Carthage/Build/iOS/GoogleAppMeasurement.framework; sourceTree = "<group>"; };
		F91DE927222A550B00A24856 /* GoogleToolboxForMac.framework */ = {isa = PBXFileReference; lastKnownFileType = wrapper.framework; name = GoogleToolboxForMac.framework; path = Carthage/Build/iOS/GoogleToolboxForMac.framework; sourceTree = "<group>"; };
		F93CB2FA224E66770006646A /* GoogleService-Info.plist */ = {isa = PBXFileReference; fileEncoding = 4; lastKnownFileType = text.plist.xml; path = "GoogleService-Info.plist"; sourceTree = "<group>"; };
		F99158AD224E95C1008C3DBE /* Firebase.framework */ = {isa = PBXFileReference; lastKnownFileType = wrapper.framework; name = Firebase.framework; path = Carthage/Build/iOS/Firebase.framework; sourceTree = "<group>"; };
		F9EEDC20224E9A7300CAA040 /* nanopb.framework */ = {isa = PBXFileReference; lastKnownFileType = wrapper.framework; name = nanopb.framework; path = Carthage/Build/iOS/nanopb.framework; sourceTree = "<group>"; };
		F9EEDC21224E9A7300CAA040 /* Protobuf.framework */ = {isa = PBXFileReference; lastKnownFileType = wrapper.framework; name = Protobuf.framework; path = Carthage/Build/iOS/Protobuf.framework; sourceTree = "<group>"; };
		F9EEDC24224E9B3D00CAA040 /* gRPC-C++.framework */ = {isa = PBXFileReference; lastKnownFileType = wrapper.framework; name = "gRPC-C++.framework"; path = "Carthage/Build/iOS/gRPC-C++.framework"; sourceTree = "<group>"; };
		F9EEDC25224E9B3D00CAA040 /* gRPC-Core.framework */ = {isa = PBXFileReference; lastKnownFileType = wrapper.framework; name = "gRPC-Core.framework"; path = "Carthage/Build/iOS/gRPC-Core.framework"; sourceTree = "<group>"; };
		F9EEDC28224E9C1900CAA040 /* leveldb-library.framework */ = {isa = PBXFileReference; lastKnownFileType = wrapper.framework; name = "leveldb-library.framework"; path = "Carthage/Build/iOS/leveldb-library.framework"; sourceTree = "<group>"; };
		F9EEDC2D224E9E1800CAA040 /* GTMSessionFetcher.framework */ = {isa = PBXFileReference; lastKnownFileType = wrapper.framework; name = GTMSessionFetcher.framework; path = Carthage/Build/iOS/GTMSessionFetcher.framework; sourceTree = "<group>"; };
		F9EEDC39224EA83A00CAA040 /* gRPC.framework */ = {isa = PBXFileReference; lastKnownFileType = wrapper.framework; name = gRPC.framework; path = Carthage/Build/iOS/gRPC.framework; sourceTree = "<group>"; };
		F9EEDC3B224EA85C00CAA040 /* gRPC-RxLibrary.framework */ = {isa = PBXFileReference; lastKnownFileType = wrapper.framework; name = "gRPC-RxLibrary.framework"; path = "Carthage/Build/iOS/gRPC-RxLibrary.framework"; sourceTree = "<group>"; };
		F9EEDC3C224EA85C00CAA040 /* gRPC-ProtoRPC.framework */ = {isa = PBXFileReference; lastKnownFileType = wrapper.framework; name = "gRPC-ProtoRPC.framework"; path = "Carthage/Build/iOS/gRPC-ProtoRPC.framework"; sourceTree = "<group>"; };
		F9EEDC3F224EA97B00CAA040 /* BoringSSL-GRPC.framework */ = {isa = PBXFileReference; lastKnownFileType = wrapper.framework; name = "BoringSSL-GRPC.framework"; path = "Carthage/Build/iOS/BoringSSL-GRPC.framework"; sourceTree = "<group>"; };
		F9EEDC41224EB07500CAA040 /* gRPCCertificates.bundle */ = {isa = PBXFileReference; lastKnownFileType = "wrapper.plug-in"; name = gRPCCertificates.bundle; path = Carthage/Build/iOS/FirebaseFirestore.framework/gRPCCertificates.bundle; sourceTree = "<group>"; };
		F9EEDC43224EB28300CAA040 /* MapKit.framework */ = {isa = PBXFileReference; lastKnownFileType = wrapper.framework; name = MapKit.framework; path = System/Library/Frameworks/MapKit.framework; sourceTree = SDKROOT; };
		F9FA9403224E6D3500439785 /* GoogleUtilities.framework */ = {isa = PBXFileReference; lastKnownFileType = wrapper.framework; name = GoogleUtilities.framework; path = Carthage/Build/iOS/GoogleUtilities.framework; sourceTree = "<group>"; };
		F9FA9409224E78A000439785 /* Cartfile */ = {isa = PBXFileReference; fileEncoding = 4; lastKnownFileType = text; path = Cartfile; sourceTree = SOURCE_ROOT; };
		F9FA940A224E78A000439785 /* Cartfile.resolved */ = {isa = PBXFileReference; fileEncoding = 4; lastKnownFileType = text; path = Cartfile.resolved; sourceTree = SOURCE_ROOT; };
		F9FA940D224E90ED00439785 /* FirebaseFirestore.framework */ = {isa = PBXFileReference; lastKnownFileType = wrapper.framework; name = FirebaseFirestore.framework; path = Carthage/Build/iOS/FirebaseFirestore.framework; sourceTree = "<group>"; };
/* End PBXFileReference section */

/* Begin PBXFrameworksBuildPhase section */
		F91DE902222A3D8400A24856 /* Frameworks */ = {
			isa = PBXFrameworksBuildPhase;
			buildActionMask = 2147483647;
			files = (
				F9EEDC40224EA97B00CAA040 /* BoringSSL-GRPC.framework in Frameworks */,
				F91DE929222A550C00A24856 /* FirebaseABTesting.framework in Frameworks */,
				F91DE92A222A550C00A24856 /* FirebaseMessaging.framework in Frameworks */,
				F91DE931222A550C00A24856 /* GoogleAppMeasurement.framework in Frameworks */,
				F9EEDC44224EB28300CAA040 /* MapKit.framework in Frameworks */,
				F91DE92C222A550C00A24856 /* FirebaseAnalytics.framework in Frameworks */,
				F9EEDC22224E9A7300CAA040 /* nanopb.framework in Frameworks */,
				F9FA9404224E6D3500439785 /* GoogleUtilities.framework in Frameworks */,
				F91DE92F222A550C00A24856 /* FirebasePerformance.framework in Frameworks */,
				F91DE932222A550C00A24856 /* GoogleToolboxForMac.framework in Frameworks */,
				F91DE92B222A550C00A24856 /* FirebaseInstanceID.framework in Frameworks */,
				F91DE92D222A550C00A24856 /* FIRAnalyticsConnector.framework in Frameworks */,
				F9EEDC2E224E9E1800CAA040 /* GTMSessionFetcher.framework in Frameworks */,
				F91DE928222A550C00A24856 /* FirebaseCore.framework in Frameworks */,
				F91DE92E222A550C00A24856 /* FirebaseCoreDiagnostics.framework in Frameworks */,
				F91DE930222A550C00A24856 /* FirebaseRemoteConfig.framework in Frameworks */,
				F9EEDC23224E9A7300CAA040 /* Protobuf.framework in Frameworks */,
				F9EEDC31224E9FCF00CAA040 /* FirebaseFirestore.framework in Frameworks */,
				F9EEDC32224E9FEB00CAA040 /* gRPC-C++.framework in Frameworks */,
				F9EEDC33224E9FEC00CAA040 /* gRPC-Core.framework in Frameworks */,
				F9EEDC36224EA3E400CAA040 /* leveldb-library.framework in Frameworks */,
			);
			runOnlyForDeploymentPostprocessing = 0;
		};
/* End PBXFrameworksBuildPhase section */

/* Begin PBXGroup section */
		F91DE8FC222A3D8300A24856 = {
			isa = PBXGroup;
			children = (
				F91DE907222A3D8400A24856 /* ROTA */,
				F91DE906222A3D8400A24856 /* Products */,
				F91DE91C222A550B00A24856 /* Frameworks */,
			);
			sourceTree = "<group>";
		};
		F91DE906222A3D8400A24856 /* Products */ = {
			isa = PBXGroup;
			children = (
				F91DE905222A3D8400A24856 /* ROTA.app */,
			);
			name = Products;
			sourceTree = "<group>";
		};
		F91DE907222A3D8400A24856 /* ROTA */ = {
			isa = PBXGroup;
			children = (
				F91DE908222A3D8400A24856 /* AppDelegate.swift */,
				F91DE90A222A3D8400A24856 /* ViewController.swift */,
				F91DE91A222A412000A24856 /* LocationManager.swift */,
				F91DE90C222A3D8400A24856 /* Main.storyboard */,
				F91DE90F222A3D8400A24856 /* Assets.xcassets */,
				F91DE911222A3D8400A24856 /* LaunchScreen.storyboard */,
				F91DE914222A3D8400A24856 /* Info.plist */,
				F93CB2FA224E66770006646A /* GoogleService-Info.plist */,
				F9FA9409224E78A000439785 /* Cartfile */,
				F9FA940A224E78A000439785 /* Cartfile.resolved */,
			);
			path = ROTA;
			sourceTree = "<group>";
		};
		F91DE91C222A550B00A24856 /* Frameworks */ = {
			isa = PBXGroup;
			children = (
				F9EEDC43224EB28300CAA040 /* MapKit.framework */,
				F9EEDC41224EB07500CAA040 /* gRPCCertificates.bundle */,
				F9EEDC3F224EA97B00CAA040 /* BoringSSL-GRPC.framework */,
				F9EEDC3C224EA85C00CAA040 /* gRPC-ProtoRPC.framework */,
				F9EEDC3B224EA85C00CAA040 /* gRPC-RxLibrary.framework */,
				F9EEDC39224EA83A00CAA040 /* gRPC.framework */,
				F9EEDC2D224E9E1800CAA040 /* GTMSessionFetcher.framework */,
				F9EEDC28224E9C1900CAA040 /* leveldb-library.framework */,
				F9EEDC24224E9B3D00CAA040 /* gRPC-C++.framework */,
				F9EEDC25224E9B3D00CAA040 /* gRPC-Core.framework */,
				F9EEDC20224E9A7300CAA040 /* nanopb.framework */,
				F9EEDC21224E9A7300CAA040 /* Protobuf.framework */,
				F99158AD224E95C1008C3DBE /* Firebase.framework */,
				F9FA940D224E90ED00439785 /* FirebaseFirestore.framework */,
				F9FA9403224E6D3500439785 /* GoogleUtilities.framework */,
				F91DE922222A550B00A24856 /* FIRAnalyticsConnector.framework */,
				F91DE91E222A550B00A24856 /* FirebaseABTesting.framework */,
				F91DE921222A550B00A24856 /* FirebaseAnalytics.framework */,
				F91DE91D222A550B00A24856 /* FirebaseCore.framework */,
				F91DE923222A550B00A24856 /* FirebaseCoreDiagnostics.framework */,
				F91DE920222A550B00A24856 /* FirebaseInstanceID.framework */,
				F91DE91F222A550B00A24856 /* FirebaseMessaging.framework */,
				F91DE924222A550B00A24856 /* FirebasePerformance.framework */,
				F91DE925222A550B00A24856 /* FirebaseRemoteConfig.framework */,
				F91DE926222A550B00A24856 /* GoogleAppMeasurement.framework */,
				F91DE927222A550B00A24856 /* GoogleToolboxForMac.framework */,
			);
			name = Frameworks;
			sourceTree = "<group>";
		};
/* End PBXGroup section */

/* Begin PBXNativeTarget section */
		F91DE904222A3D8400A24856 /* ROTA */ = {
			isa = PBXNativeTarget;
			buildConfigurationList = F91DE917222A3D8400A24856 /* Build configuration list for PBXNativeTarget "ROTA" */;
			buildPhases = (
				F91DE901222A3D8400A24856 /* Sources */,
				F91DE902222A3D8400A24856 /* Frameworks */,
				F91DE903222A3D8400A24856 /* Resources */,
				F93CB2FD224E66F70006646A /* Carthage Copy Frameworks */,
			);
			buildRules = (
			);
			dependencies = (
			);
			name = ROTA;
			productName = ROTA;
			productReference = F91DE905222A3D8400A24856 /* ROTA.app */;
			productType = "com.apple.product-type.application";
		};
/* End PBXNativeTarget section */

/* Begin PBXProject section */
		F91DE8FD222A3D8300A24856 /* Project object */ = {
			isa = PBXProject;
			attributes = {
				LastSwiftUpdateCheck = 1010;
				LastUpgradeCheck = 1010;
				ORGANIZATIONNAME = Bayer;
				TargetAttributes = {
					F91DE904222A3D8400A24856 = {
						CreatedOnToolsVersion = 10.1;
						SystemCapabilities = {
							com.apple.BackgroundModes = {
								enabled = 1;
							};
							com.apple.Maps.iOS = {
								enabled = 1;
							};
						};
					};
				};
			};
			buildConfigurationList = F91DE900222A3D8300A24856 /* Build configuration list for PBXProject "ROTA" */;
			compatibilityVersion = "Xcode 9.3";
			developmentRegion = en;
			hasScannedForEncodings = 0;
			knownRegions = (
				en,
				Base,
			);
			mainGroup = F91DE8FC222A3D8300A24856;
			productRefGroup = F91DE906222A3D8400A24856 /* Products */;
			projectDirPath = "";
			projectRoot = "";
			targets = (
				F91DE904222A3D8400A24856 /* ROTA */,
			);
		};
/* End PBXProject section */

/* Begin PBXResourcesBuildPhase section */
		F91DE903222A3D8400A24856 /* Resources */ = {
			isa = PBXResourcesBuildPhase;
			buildActionMask = 2147483647;
			files = (
				F9EEDC42224EB07500CAA040 /* gRPCCertificates.bundle in Resources */,
				F91DE913222A3D8400A24856 /* LaunchScreen.storyboard in Resources */,
				F93CB2FB224E66770006646A /* GoogleService-Info.plist in Resources */,
				F91DE910222A3D8400A24856 /* Assets.xcassets in Resources */,
				F91DE90E222A3D8400A24856 /* Main.storyboard in Resources */,
			);
			runOnlyForDeploymentPostprocessing = 0;
		};
/* End PBXResourcesBuildPhase section */

/* Begin PBXShellScriptBuildPhase section */
		F93CB2FD224E66F70006646A /* Carthage Copy Frameworks */ = {
			isa = PBXShellScriptBuildPhase;
			buildActionMask = 2147483647;
			files = (
			);
			inputFileListPaths = (
			);
			inputPaths = (
			);
			name = "Carthage Copy Frameworks";
			outputFileListPaths = (
			);
			outputPaths = (
			);
			runOnlyForDeploymentPostprocessing = 0;
			shellPath = /bin/sh;
			shellScript = "#/usr/local/bin/carthage copy-frameworks\n";
		};
/* End PBXShellScriptBuildPhase section */

/* Begin PBXSourcesBuildPhase section */
		F91DE901222A3D8400A24856 /* Sources */ = {
			isa = PBXSourcesBuildPhase;
			buildActionMask = 2147483647;
			files = (
				F91DE90B222A3D8400A24856 /* ViewController.swift in Sources */,
				F91DE909222A3D8400A24856 /* AppDelegate.swift in Sources */,
				F91DE91B222A412000A24856 /* LocationManager.swift in Sources */,
			);
			runOnlyForDeploymentPostprocessing = 0;
		};
/* End PBXSourcesBuildPhase section */

/* Begin PBXVariantGroup section */
		F91DE90C222A3D8400A24856 /* Main.storyboard */ = {
			isa = PBXVariantGroup;
			children = (
				F91DE90D222A3D8400A24856 /* Base */,
			);
			name = Main.storyboard;
			sourceTree = "<group>";
		};
		F91DE911222A3D8400A24856 /* LaunchScreen.storyboard */ = {
			isa = PBXVariantGroup;
			children = (
				F91DE912222A3D8400A24856 /* Base */,
			);
			name = LaunchScreen.storyboard;
			sourceTree = "<group>";
		};
/* End PBXVariantGroup section */

/* Begin XCBuildConfiguration section */
		F91DE915222A3D8400A24856 /* Debug */ = {
			isa = XCBuildConfiguration;
			buildSettings = {
				ALWAYS_SEARCH_USER_PATHS = NO;
				CLANG_ANALYZER_NONNULL = YES;
				CLANG_ANALYZER_NUMBER_OBJECT_CONVERSION = YES_AGGRESSIVE;
				CLANG_CXX_LANGUAGE_STANDARD = "gnu++14";
				CLANG_CXX_LIBRARY = "libc++";
				CLANG_ENABLE_MODULES = YES;
				CLANG_ENABLE_OBJC_ARC = YES;
				CLANG_ENABLE_OBJC_WEAK = YES;
				CLANG_WARN_BLOCK_CAPTURE_AUTORELEASING = YES;
				CLANG_WARN_BOOL_CONVERSION = YES;
				CLANG_WARN_COMMA = YES;
				CLANG_WARN_CONSTANT_CONVERSION = YES;
				CLANG_WARN_DEPRECATED_OBJC_IMPLEMENTATIONS = YES;
				CLANG_WARN_DIRECT_OBJC_ISA_USAGE = YES_ERROR;
				CLANG_WARN_DOCUMENTATION_COMMENTS = YES;
				CLANG_WARN_EMPTY_BODY = YES;
				CLANG_WARN_ENUM_CONVERSION = YES;
				CLANG_WARN_INFINITE_RECURSION = YES;
				CLANG_WARN_INT_CONVERSION = YES;
				CLANG_WARN_NON_LITERAL_NULL_CONVERSION = YES;
				CLANG_WARN_OBJC_IMPLICIT_RETAIN_SELF = YES;
				CLANG_WARN_OBJC_LITERAL_CONVERSION = YES;
				CLANG_WARN_OBJC_ROOT_CLASS = YES_ERROR;
				CLANG_WARN_RANGE_LOOP_ANALYSIS = YES;
				CLANG_WARN_STRICT_PROTOTYPES = YES;
				CLANG_WARN_SUSPICIOUS_MOVE = YES;
				CLANG_WARN_UNGUARDED_AVAILABILITY = YES_AGGRESSIVE;
				CLANG_WARN_UNREACHABLE_CODE = YES;
				CLANG_WARN__DUPLICATE_METHOD_MATCH = YES;
				CODE_SIGN_IDENTITY = "iPhone Developer";
				COPY_PHASE_STRIP = NO;
				DEBUG_INFORMATION_FORMAT = dwarf;
				ENABLE_STRICT_OBJC_MSGSEND = YES;
				ENABLE_TESTABILITY = YES;
				GCC_C_LANGUAGE_STANDARD = gnu11;
				GCC_DYNAMIC_NO_PIC = NO;
				GCC_NO_COMMON_BLOCKS = YES;
				GCC_OPTIMIZATION_LEVEL = 0;
				GCC_PREPROCESSOR_DEFINITIONS = (
					"DEBUG=1",
					"$(inherited)",
				);
				GCC_WARN_64_TO_32_BIT_CONVERSION = YES;
				GCC_WARN_ABOUT_RETURN_TYPE = YES_ERROR;
				GCC_WARN_UNDECLARED_SELECTOR = YES;
				GCC_WARN_UNINITIALIZED_AUTOS = YES_AGGRESSIVE;
				GCC_WARN_UNUSED_FUNCTION = YES;
				GCC_WARN_UNUSED_VARIABLE = YES;
				IPHONEOS_DEPLOYMENT_TARGET = 12.1;
				MTL_ENABLE_DEBUG_INFO = INCLUDE_SOURCE;
				MTL_FAST_MATH = YES;
				ONLY_ACTIVE_ARCH = YES;
				SDKROOT = iphoneos;
				SWIFT_ACTIVE_COMPILATION_CONDITIONS = DEBUG;
				SWIFT_OPTIMIZATION_LEVEL = "-Onone";
			};
			name = Debug;
		};
		F91DE916222A3D8400A24856 /* Release */ = {
			isa = XCBuildConfiguration;
			buildSettings = {
				ALWAYS_SEARCH_USER_PATHS = NO;
				CLANG_ANALYZER_NONNULL = YES;
				CLANG_ANALYZER_NUMBER_OBJECT_CONVERSION = YES_AGGRESSIVE;
				CLANG_CXX_LANGUAGE_STANDARD = "gnu++14";
				CLANG_CXX_LIBRARY = "libc++";
				CLANG_ENABLE_MODULES = YES;
				CLANG_ENABLE_OBJC_ARC = YES;
				CLANG_ENABLE_OBJC_WEAK = YES;
				CLANG_WARN_BLOCK_CAPTURE_AUTORELEASING = YES;
				CLANG_WARN_BOOL_CONVERSION = YES;
				CLANG_WARN_COMMA = YES;
				CLANG_WARN_CONSTANT_CONVERSION = YES;
				CLANG_WARN_DEPRECATED_OBJC_IMPLEMENTATIONS = YES;
				CLANG_WARN_DIRECT_OBJC_ISA_USAGE = YES_ERROR;
				CLANG_WARN_DOCUMENTATION_COMMENTS = YES;
				CLANG_WARN_EMPTY_BODY = YES;
				CLANG_WARN_ENUM_CONVERSION = YES;
				CLANG_WARN_INFINITE_RECURSION = YES;
				CLANG_WARN_INT_CONVERSION = YES;
				CLANG_WARN_NON_LITERAL_NULL_CONVERSION = YES;
				CLANG_WARN_OBJC_IMPLICIT_RETAIN_SELF = YES;
				CLANG_WARN_OBJC_LITERAL_CONVERSION = YES;
				CLANG_WARN_OBJC_ROOT_CLASS = YES_ERROR;
				CLANG_WARN_RANGE_LOOP_ANALYSIS = YES;
				CLANG_WARN_STRICT_PROTOTYPES = YES;
				CLANG_WARN_SUSPICIOUS_MOVE = YES;
				CLANG_WARN_UNGUARDED_AVAILABILITY = YES_AGGRESSIVE;
				CLANG_WARN_UNREACHABLE_CODE = YES;
				CLANG_WARN__DUPLICATE_METHOD_MATCH = YES;
				CODE_SIGN_IDENTITY = "iPhone Developer";
				COPY_PHASE_STRIP = NO;
				DEBUG_INFORMATION_FORMAT = "dwarf-with-dsym";
				ENABLE_NS_ASSERTIONS = NO;
				ENABLE_STRICT_OBJC_MSGSEND = YES;
				GCC_C_LANGUAGE_STANDARD = gnu11;
				GCC_NO_COMMON_BLOCKS = YES;
				GCC_WARN_64_TO_32_BIT_CONVERSION = YES;
				GCC_WARN_ABOUT_RETURN_TYPE = YES_ERROR;
				GCC_WARN_UNDECLARED_SELECTOR = YES;
				GCC_WARN_UNINITIALIZED_AUTOS = YES_AGGRESSIVE;
				GCC_WARN_UNUSED_FUNCTION = YES;
				GCC_WARN_UNUSED_VARIABLE = YES;
				IPHONEOS_DEPLOYMENT_TARGET = 12.1;
				MTL_ENABLE_DEBUG_INFO = NO;
				MTL_FAST_MATH = YES;
				SDKROOT = iphoneos;
				SWIFT_COMPILATION_MODE = wholemodule;
				SWIFT_OPTIMIZATION_LEVEL = "-O";
				VALIDATE_PRODUCT = YES;
			};
			name = Release;
		};
		F91DE918222A3D8400A24856 /* Debug */ = {
			isa = XCBuildConfiguration;
			buildSettings = {
				ASSETCATALOG_COMPILER_APPICON_NAME = AppIcon;
				CODE_SIGN_STYLE = Automatic;
				DEVELOPMENT_TEAM = 557EJSX593;
				ENABLE_BITCODE = YES;
				FRAMEWORK_SEARCH_PATHS = (
					"$(inherited)",
					"$(PROJECT_DIR)/Carthage/Build/iOS",
				);
				INFOPLIST_FILE = ROTA/Info.plist;
				LD_RUNPATH_SEARCH_PATHS = (
					"$(inherited)",
					"@executable_path/Frameworks",
				);
				OTHER_LDFLAGS = (
					"$(OTHER_LDFLAGS)",
					"-ObjC",
				);
				PRODUCT_BUNDLE_IDENTIFIER = Bayer.ROTA;
				PRODUCT_NAME = "$(TARGET_NAME)";
				SWIFT_VERSION = 4.2;
				TARGETED_DEVICE_FAMILY = "1,2";
				USER_HEADER_SEARCH_PATHS = "$(PROJECT_DIR)/Carthage/Build/iOS/Firebase.framework/Headers";
			};
			name = Debug;
		};
		F91DE919222A3D8400A24856 /* Release */ = {
			isa = XCBuildConfiguration;
			buildSettings = {
				ASSETCATALOG_COMPILER_APPICON_NAME = AppIcon;
				CODE_SIGN_STYLE = Automatic;
				DEVELOPMENT_TEAM = 557EJSX593;
				ENABLE_BITCODE = YES;
				FRAMEWORK_SEARCH_PATHS = (
					"$(inherited)",
					"$(PROJECT_DIR)/Carthage/Build/iOS",
				);
				INFOPLIST_FILE = ROTA/Info.plist;
				LD_RUNPATH_SEARCH_PATHS = (
					"$(inherited)",
					"@executable_path/Frameworks",
				);
				OTHER_LDFLAGS = (
					"$(OTHER_LDFLAGS)",
					"-ObjC",
				);
				PRODUCT_BUNDLE_IDENTIFIER = Bayer.ROTA;
				PRODUCT_NAME = "$(TARGET_NAME)";
				SWIFT_VERSION = 4.2;
				TARGETED_DEVICE_FAMILY = "1,2";
				USER_HEADER_SEARCH_PATHS = "$(PROJECT_DIR)/Carthage/Build/iOS/Firebase.framework/Headers";
			};
			name = Release;
		};
/* End XCBuildConfiguration section */

/* Begin XCConfigurationList section */
		F91DE900222A3D8300A24856 /* Build configuration list for PBXProject "ROTA" */ = {
			isa = XCConfigurationList;
			buildConfigurations = (
				F91DE915222A3D8400A24856 /* Debug */,
				F91DE916222A3D8400A24856 /* Release */,
			);
			defaultConfigurationIsVisible = 0;
			defaultConfigurationName = Release;
		};
		F91DE917222A3D8400A24856 /* Build configuration list for PBXNativeTarget "ROTA" */ = {
			isa = XCConfigurationList;
			buildConfigurations = (
				F91DE918222A3D8400A24856 /* Debug */,
				F91DE919222A3D8400A24856 /* Release */,
			);
			defaultConfigurationIsVisible = 0;
			defaultConfigurationName = Release;
		};
/* End XCConfigurationList section */
	};
	rootObject = F91DE8FD222A3D8300A24856 /* Project object */;
}
